
Microsoft Visual Studio Solution File, Format Version 12.00
# Visual Studio 2013
VisualStudioVersion = 12.0.31101.0
MinimumVisualStudioVersion = 10.0.40219.1
Project("{FAE04EC0-301F-11D3-BF4B-00C04F79EFBC}") = "StraxImage.App.UI", "StraxImage.App.UI\StraxImage.App.UI.csproj", "{D488B790-FE50-4FF4-9827-5D089D10DD42}"
EndProject
Project("{FAE04EC0-301F-11D3-BF4B-00C04F79EFBC}") = "StraxImage.App.Services", "StraxImage.App.Services\StraxImage.App.Services.csproj", "{AE213B89-DB11-48C1-8F9B-AD2B0A3C12D0}"
EndProject
Project("{FAE04EC0-301F-11D3-BF4B-00C04F79EFBC}") = "StraxImage.App.Services.Tests", "StraxImage.App.Services.Tests\StraxImage.App.Services.Tests.csproj", "{48216C0F-50D4-41CC-A502-1FF3B28805A5}"
EndProject
Global
	GlobalSection(SolutionConfigurationPlatforms) = preSolution
		Debug|Any CPU = Debug|Any CPU
		Release|Any CPU = Release|Any CPU
	EndGlobalSection
	GlobalSection(ProjectConfigurationPlatforms) = postSolution
		{D488B790-FE50-4FF4-9827-5D089D10DD42}.Debug|Any CPU.ActiveCfg = Debug|Any CPU
		{D488B790-FE50-4FF4-9827-5D089D10DD42}.Debug|Any CPU.Build.0 = Debug|Any CPU
		{D488B790-FE50-4FF4-9827-5D089D10DD42}.Release|Any CPU.ActiveCfg = Release|Any CPU
		{D488B790-FE50-4FF4-9827-5D089D10DD42}.Release|Any CPU.Build.0 = Release|Any CPU
		{AE213B89-DB11-48C1-8F9B-AD2B0A3C12D0}.Debug|Any CPU.ActiveCfg = Debug|Any CPU
		{AE213B89-DB11-48C1-8F9B-AD2B0A3C12D0}.Debug|Any CPU.Build.0 = Debug|Any CPU
		{AE213B89-DB11-48C1-8F9B-AD2B0A3C12D0}.Release|Any CPU.ActiveCfg = Release|Any CPU
		{AE213B89-DB11-48C1-8F9B-AD2B0A3C12D0}.Release|Any CPU.Build.0 = Release|Any CPU
		{48216C0F-50D4-41CC-A502-1FF3B28805A5}.Debug|Any CPU.ActiveCfg = Debug|Any CPU
		{48216C0F-50D4-41CC-A502-1FF3B28805A5}.Debug|Any CPU.Build.0 = Debug|Any CPU
		{48216C0F-50D4-41CC-A502-1FF3B28805A5}.Release|Any CPU.ActiveCfg = Release|Any CPU
		{48216C0F-50D4-41CC-A502-1FF3B28805A5}.Release|Any CPU.Build.0 = Release|Any CPU
	EndGlobalSection
	GlobalSection(SolutionProperties) = preSolution
		HideSolutionNode = FALSE
	EndGlobalSection
EndGlobal
